
Microsoft Visual Studio Solution File, Format Version 12.00
Project("{FAE04EC0-301F-11D3-BF4B-00C04F79EFBC}") = "Signicat.SDK", "Signicat.SDK\Signicat.SDK.csproj", "{C868C750-F55E-4B7D-963D-5585B3016873}"
EndProject
Project("{FAE04EC0-301F-11D3-BF4B-00C04F79EFBC}") = "Signicat.SDK.Tests", "Signicat.SDK.Tests\Signicat.SDK.Tests.csproj", "{F2327B19-BC51-4514-B1CD-08953B47EE7E}"
EndProject
Project("{FAE04EC0-301F-11D3-BF4B-00C04F79EFBC}") = "Signicat.SDK.Fluent", "Signicat.SDK.Fluent\Signicat.SDK.Fluent.csproj", "{AA06BFD7-C925-45E8-BBB8-05D7F74CA72F}"
EndProject
Global
	GlobalSection(SolutionConfigurationPlatforms) = preSolution
		Debug|Any CPU = Debug|Any CPU
		Release|Any CPU = Release|Any CPU
	EndGlobalSection
	GlobalSection(ProjectConfigurationPlatforms) = postSolution
		{C868C750-F55E-4B7D-963D-5585B3016873}.Debug|Any CPU.ActiveCfg = Debug|Any CPU
		{C868C750-F55E-4B7D-963D-5585B3016873}.Debug|Any CPU.Build.0 = Debug|Any CPU
		{C868C750-F55E-4B7D-963D-5585B3016873}.Release|Any CPU.ActiveCfg = Release|Any CPU
		{C868C750-F55E-4B7D-963D-5585B3016873}.Release|Any CPU.Build.0 = Release|Any CPU
		{F2327B19-BC51-4514-B1CD-08953B47EE7E}.Debug|Any CPU.ActiveCfg = Debug|Any CPU
		{F2327B19-BC51-4514-B1CD-08953B47EE7E}.Debug|Any CPU.Build.0 = Debug|Any CPU
		{F2327B19-BC51-4514-B1CD-08953B47EE7E}.Release|Any CPU.ActiveCfg = Release|Any CPU
		{F2327B19-BC51-4514-B1CD-08953B47EE7E}.Release|Any CPU.Build.0 = Release|Any CPU
		{AA06BFD7-C925-45E8-BBB8-05D7F74CA72F}.Debug|Any CPU.ActiveCfg = Debug|Any CPU
		{AA06BFD7-C925-45E8-BBB8-05D7F74CA72F}.Debug|Any CPU.Build.0 = Debug|Any CPU
		{AA06BFD7-C925-45E8-BBB8-05D7F74CA72F}.Release|Any CPU.ActiveCfg = Release|Any CPU
		{AA06BFD7-C925-45E8-BBB8-05D7F74CA72F}.Release|Any CPU.Build.0 = Release|Any CPU
	EndGlobalSection
EndGlobal
